
Microsoft Visual Studio Solution File, Format Version 12.00
# Visual Studio 15
VisualStudioVersion = 15.0.28010.2050
MinimumVisualStudioVersion = 10.0.40219.1
Project("{FAE04EC0-301F-11D3-BF4B-00C04F79EFBC}") = "Sales.Android", "Sales\Sales.Android\Sales.Android.csproj", "{4310C904-6C27-472F-A11D-143F5B8D34CC}"
EndProject
Project("{FAE04EC0-301F-11D3-BF4B-00C04F79EFBC}") = "Sales.iOS", "Sales\Sales.iOS\Sales.iOS.csproj", "{90611ED6-4BDE-45D0-8EBA-936EDBA7B05A}"
EndProject
Project("{FAE04EC0-301F-11D3-BF4B-00C04F79EFBC}") = "Sales.UWP", "Sales\Sales.UWP\Sales.UWP.csproj", "{012E32EC-12B8-4602-97CF-4A5C3ACB4FC1}"
EndProject
Project("{FAE04EC0-301F-11D3-BF4B-00C04F79EFBC}") = "Sales", "Sales\Sales\Sales.csproj", "{8E1F7FFF-0D76-473B-A795-5010150D4D51}"
EndProject
Global
	GlobalSection(SolutionConfigurationPlatforms) = preSolution
		Ad-Hoc|Any CPU = Ad-Hoc|Any CPU
		Ad-Hoc|ARM = Ad-Hoc|ARM
		Ad-Hoc|iPhone = Ad-Hoc|iPhone
		Ad-Hoc|iPhoneSimulator = Ad-Hoc|iPhoneSimulator
		Ad-Hoc|x64 = Ad-Hoc|x64
		Ad-Hoc|x86 = Ad-Hoc|x86
		AppStore|Any CPU = AppStore|Any CPU
		AppStore|ARM = AppStore|ARM
		AppStore|iPhone = AppStore|iPhone
		AppStore|iPhoneSimulator = AppStore|iPhoneSimulator
		AppStore|x64 = AppStore|x64
		AppStore|x86 = AppStore|x86
		Debug|Any CPU = Debug|Any CPU
		Debug|ARM = Debug|ARM
		Debug|iPhone = Debug|iPhone
		Debug|iPhoneSimulator = Debug|iPhoneSimulator
		Debug|x64 = Debug|x64
		Debug|x86 = Debug|x86
		Release|Any CPU = Release|Any CPU
		Release|ARM = Release|ARM
		Release|iPhone = Release|iPhone
		Release|iPhoneSimulator = Release|iPhoneSimulator
		Release|x64 = Release|x64
		Release|x86 = Release|x86
	EndGlobalSection
	GlobalSection(ProjectConfigurationPlatforms) = postSolution
		{4310C904-6C27-472F-A11D-143F5B8D34CC}.Ad-Hoc|Any CPU.ActiveCfg = Release|Any CPU
		{4310C904-6C27-472F-A11D-143F5B8D34CC}.Ad-Hoc|Any CPU.Build.0 = Release|Any CPU
		{4310C904-6C27-472F-A11D-143F5B8D34CC}.Ad-Hoc|Any CPU.Deploy.0 = Release|Any CPU
		{4310C904-6C27-472F-A11D-143F5B8D34CC}.Ad-Hoc|ARM.ActiveCfg = Release|Any CPU
		{4310C904-6C27-472F-A11D-143F5B8D34CC}.Ad-Hoc|ARM.Build.0 = Release|Any CPU
		{4310C904-6C27-472F-A11D-143F5B8D34CC}.Ad-Hoc|ARM.Deploy.0 = Release|Any CPU
		{4310C904-6C27-472F-A11D-143F5B8D34CC}.Ad-Hoc|iPhone.ActiveCfg = Release|Any CPU
		{4310C904-6C27-472F-A11D-143F5B8D34CC}.Ad-Hoc|iPhone.Build.0 = Release|Any CPU
		{4310C904-6C27-472F-A11D-143F5B8D34CC}.Ad-Hoc|iPhone.Deploy.0 = Release|Any CPU
		{4310C904-6C27-472F-A11D-143F5B8D34CC}.Ad-Hoc|iPhoneSimulator.ActiveCfg = Release|Any CPU
		{4310C904-6C27-472F-A11D-143F5B8D34CC}.Ad-Hoc|iPhoneSimulator.Build.0 = Release|Any CPU
		{4310C904-6C27-472F-A11D-143F5B8D34CC}.Ad-Hoc|iPhoneSimulator.Deploy.0 = Release|Any CPU
		{4310C904-6C27-472F-A11D-143F5B8D34CC}.Ad-Hoc|x64.ActiveCfg = Release|Any CPU
		{4310C904-6C27-472F-A11D-143F5B8D34CC}.Ad-Hoc|x64.Build.0 = Release|Any CPU
		{4310C904-6C27-472F-A11D-143F5B8D34CC}.Ad-Hoc|x64.Deploy.0 = Release|Any CPU
		{4310C904-6C27-472F-A11D-143F5B8D34CC}.Ad-Hoc|x86.ActiveCfg = Release|Any CPU
		{4310C904-6C27-472F-A11D-143F5B8D34CC}.Ad-Hoc|x86.Build.0 = Release|Any CPU
		{4310C904-6C27-472F-A11D-143F5B8D34CC}.Ad-Hoc|x86.Deploy.0 = Release|Any CPU
		{4310C904-6C27-472F-A11D-143F5B8D34CC}.AppStore|Any CPU.ActiveCfg = Release|Any CPU
		{4310C904-6C27-472F-A11D-143F5B8D34CC}.AppStore|Any CPU.Build.0 = Release|Any CPU
		{4310C904-6C27-472F-A11D-143F5B8D34CC}.AppStore|Any CPU.Deploy.0 = Release|Any CPU
		{4310C904-6C27-472F-A11D-143F5B8D34CC}.AppStore|ARM.ActiveCfg = Release|Any CPU
		{4310C904-6C27-472F-A11D-143F5B8D34CC}.AppStore|ARM.Build.0 = Release|Any CPU
		{4310C904-6C27-472F-A11D-143F5B8D34CC}.AppStore|ARM.Deploy.0 = Release|Any CPU
		{4310C904-6C27-472F-A11D-143F5B8D34CC}.AppStore|iPhone.ActiveCfg = Release|Any CPU
		{4310C904-6C27-472F-A11D-143F5B8D34CC}.AppStore|iPhone.Build.0 = Release|Any CPU
		{4310C904-6C27-472F-A11D-143F5B8D34CC}.AppStore|iPhone.Deploy.0 = Release|Any CPU
		{4310C904-6C27-472F-A11D-143F5B8D34CC}.AppStore|iPhoneSimulator.ActiveCfg = Release|Any CPU
		{4310C904-6C27-472F-A11D-143F5B8D34CC}.AppStore|iPhoneSimulator.Build.0 = Release|Any CPU
		{4310C904-6C27-472F-A11D-143F5B8D34CC}.AppStore|iPhoneSimulator.Deploy.0 = Release|Any CPU
		{4310C904-6C27-472F-A11D-143F5B8D34CC}.AppStore|x64.ActiveCfg = Release|Any CPU
		{4310C904-6C27-472F-A11D-143F5B8D34CC}.AppStore|x64.Build.0 = Release|Any CPU
		{4310C904-6C27-472F-A11D-143F5B8D34CC}.AppStore|x64.Deploy.0 = Release|Any CPU
		{4310C904-6C27-472F-A11D-143F5B8D34CC}.AppStore|x86.ActiveCfg = Release|Any CPU
		{4310C904-6C27-472F-A11D-143F5B8D34CC}.AppStore|x86.Build.0 = Release|Any CPU
		{4310C904-6C27-472F-A11D-143F5B8D34CC}.AppStore|x86.Deploy.0 = Release|Any CPU
		{4310C904-6C27-472F-A11D-143F5B8D34CC}.Debug|Any CPU.ActiveCfg = Debug|Any CPU
		{4310C904-6C27-472F-A11D-143F5B8D34CC}.Debug|Any CPU.Build.0 = Debug|Any CPU
		{4310C904-6C27-472F-A11D-143F5B8D34CC}.Debug|Any CPU.Deploy.0 = Debug|Any CPU
		{4310C904-6C27-472F-A11D-143F5B8D34CC}.Debug|ARM.ActiveCfg = Debug|Any CPU
		{4310C904-6C27-472F-A11D-143F5B8D34CC}.Debug|ARM.Build.0 = Debug|Any CPU
		{4310C904-6C27-472F-A11D-143F5B8D34CC}.Debug|ARM.Deploy.0 = Debug|Any CPU
		{4310C904-6C27-472F-A11D-143F5B8D34CC}.Debug|iPhone.ActiveCfg = Debug|Any CPU
		{4310C904-6C27-472F-A11D-143F5B8D34CC}.Debug|iPhone.Build.0 = Debug|Any CPU
		{4310C904-6C27-472F-A11D-143F5B8D34CC}.Debug|iPhone.Deploy.0 = Debug|Any CPU
		{4310C904-6C27-472F-A11D-143F5B8D34CC}.Debug|iPhoneSimulator.ActiveCfg = Debug|Any CPU
		{4310C904-6C27-472F-A11D-143F5B8D34CC}.Debug|iPhoneSimulator.Build.0 = Debug|Any CPU
		{4310C904-6C27-472F-A11D-143F5B8D34CC}.Debug|iPhoneSimulator.Deploy.0 = Debug|Any CPU
		{4310C904-6C27-472F-A11D-143F5B8D34CC}.Debug|x64.ActiveCfg = Debug|Any CPU
		{4310C904-6C27-472F-A11D-143F5B8D34CC}.Debug|x64.Build.0 = Debug|Any CPU
		{4310C904-6C27-472F-A11D-143F5B8D34CC}.Debug|x64.Deploy.0 = Debug|Any CPU
		{4310C904-6C27-472F-A11D-143F5B8D34CC}.Debug|x86.ActiveCfg = Debug|Any CPU
		{4310C904-6C27-472F-A11D-143F5B8D34CC}.Debug|x86.Build.0 = Debug|Any CPU
		{4310C904-6C27-472F-A11D-143F5B8D34CC}.Debug|x86.Deploy.0 = Debug|Any CPU
		{4310C904-6C27-472F-A11D-143F5B8D34CC}.Release|Any CPU.ActiveCfg = Release|Any CPU
		{4310C904-6C27-472F-A11D-143F5B8D34CC}.Release|Any CPU.Build.0 = Release|Any CPU
		{4310C904-6C27-472F-A11D-143F5B8D34CC}.Release|Any CPU.Deploy.0 = Release|Any CPU
		{4310C904-6C27-472F-A11D-143F5B8D34CC}.Release|ARM.ActiveCfg = Release|Any CPU
		{4310C904-6C27-472F-A11D-143F5B8D34CC}.Release|ARM.Build.0 = Release|Any CPU
		{4310C904-6C27-472F-A11D-143F5B8D34CC}.Release|ARM.Deploy.0 = Release|Any CPU
		{4310C904-6C27-472F-A11D-143F5B8D34CC}.Release|iPhone.ActiveCfg = Release|Any CPU
		{4310C904-6C27-472F-A11D-143F5B8D34CC}.Release|iPhone.Build.0 = Release|Any CPU
		{4310C904-6C27-472F-A11D-143F5B8D34CC}.Release|iPhone.Deploy.0 = Release|Any CPU
		{4310C904-6C27-472F-A11D-143F5B8D34CC}.Release|iPhoneSimulator.ActiveCfg = Release|Any CPU
		{4310C904-6C27-472F-A11D-143F5B8D34CC}.Release|iPhoneSimulator.Build.0 = Release|Any CPU
		{4310C904-6C27-472F-A11D-143F5B8D34CC}.Release|iPhoneSimulator.Deploy.0 = Release|Any CPU
		{4310C904-6C27-472F-A11D-143F5B8D34CC}.Release|x64.ActiveCfg = Release|Any CPU
		{4310C904-6C27-472F-A11D-143F5B8D34CC}.Release|x64.Build.0 = Release|Any CPU
		{4310C904-6C27-472F-A11D-143F5B8D34CC}.Release|x64.Deploy.0 = Release|Any CPU
		{4310C904-6C27-472F-A11D-143F5B8D34CC}.Release|x86.ActiveCfg = Release|Any CPU
		{4310C904-6C27-472F-A11D-143F5B8D34CC}.Release|x86.Build.0 = Release|Any CPU
		{4310C904-6C27-472F-A11D-143F5B8D34CC}.Release|x86.Deploy.0 = Release|Any CPU
		{90611ED6-4BDE-45D0-8EBA-936EDBA7B05A}.Ad-Hoc|Any CPU.ActiveCfg = Ad-Hoc|iPhone
		{90611ED6-4BDE-45D0-8EBA-936EDBA7B05A}.Ad-Hoc|Any CPU.Build.0 = Ad-Hoc|iPhone
		{90611ED6-4BDE-45D0-8EBA-936EDBA7B05A}.Ad-Hoc|Any CPU.Deploy.0 = Ad-Hoc|iPhone
		{90611ED6-4BDE-45D0-8EBA-936EDBA7B05A}.Ad-Hoc|ARM.ActiveCfg = Ad-Hoc|iPhone
		{90611ED6-4BDE-45D0-8EBA-936EDBA7B05A}.Ad-Hoc|ARM.Build.0 = Ad-Hoc|iPhone
		{90611ED6-4BDE-45D0-8EBA-936EDBA7B05A}.Ad-Hoc|ARM.Deploy.0 = Ad-Hoc|iPhone
		{90611ED6-4BDE-45D0-8EBA-936EDBA7B05A}.Ad-Hoc|iPhone.ActiveCfg = Ad-Hoc|iPhone
		{90611ED6-4BDE-45D0-8EBA-936EDBA7B05A}.Ad-Hoc|iPhone.Build.0 = Ad-Hoc|iPhone
		{90611ED6-4BDE-45D0-8EBA-936EDBA7B05A}.Ad-Hoc|iPhone.Deploy.0 = Ad-Hoc|iPhone
		{90611ED6-4BDE-45D0-8EBA-936EDBA7B05A}.Ad-Hoc|iPhoneSimulator.ActiveCfg = Ad-Hoc|iPhoneSimulator
		{90611ED6-4BDE-45D0-8EBA-936EDBA7B05A}.Ad-Hoc|iPhoneSimulator.Build.0 = Ad-Hoc|iPhoneSimulator
		{90611ED6-4BDE-45D0-8EBA-936EDBA7B05A}.Ad-Hoc|iPhoneSimulator.Deploy.0 = Ad-Hoc|iPhoneSimulator
		{90611ED6-4BDE-45D0-8EBA-936EDBA7B05A}.Ad-Hoc|x64.ActiveCfg = Ad-Hoc|iPhone
		{90611ED6-4BDE-45D0-8EBA-936EDBA7B05A}.Ad-Hoc|x64.Build.0 = Ad-Hoc|iPhone
		{90611ED6-4BDE-45D0-8EBA-936EDBA7B05A}.Ad-Hoc|x64.Deploy.0 = Ad-Hoc|iPhone
		{90611ED6-4BDE-45D0-8EBA-936EDBA7B05A}.Ad-Hoc|x86.ActiveCfg = Ad-Hoc|iPhone
		{90611ED6-4BDE-45D0-8EBA-936EDBA7B05A}.Ad-Hoc|x86.Build.0 = Ad-Hoc|iPhone
		{90611ED6-4BDE-45D0-8EBA-936EDBA7B05A}.Ad-Hoc|x86.Deploy.0 = Ad-Hoc|iPhone
		{90611ED6-4BDE-45D0-8EBA-936EDBA7B05A}.AppStore|Any CPU.ActiveCfg = AppStore|iPhone
		{90611ED6-4BDE-45D0-8EBA-936EDBA7B05A}.AppStore|Any CPU.Build.0 = AppStore|iPhone
		{90611ED6-4BDE-45D0-8EBA-936EDBA7B05A}.AppStore|Any CPU.Deploy.0 = AppStore|iPhone
		{90611ED6-4BDE-45D0-8EBA-936EDBA7B05A}.AppStore|ARM.ActiveCfg = AppStore|iPhone
		{90611ED6-4BDE-45D0-8EBA-936EDBA7B05A}.AppStore|ARM.Build.0 = AppStore|iPhone
		{90611ED6-4BDE-45D0-8EBA-936EDBA7B05A}.AppStore|ARM.Deploy.0 = AppStore|iPhone
		{90611ED6-4BDE-45D0-8EBA-936EDBA7B05A}.AppStore|iPhone.ActiveCfg = AppStore|iPhone
		{90611ED6-4BDE-45D0-8EBA-936EDBA7B05A}.AppStore|iPhone.Build.0 = AppStore|iPhone
		{90611ED6-4BDE-45D0-8EBA-936EDBA7B05A}.AppStore|iPhone.Deploy.0 = AppStore|iPhone
		{90611ED6-4BDE-45D0-8EBA-936EDBA7B05A}.AppStore|iPhoneSimulator.ActiveCfg = AppStore|iPhoneSimulator
		{90611ED6-4BDE-45D0-8EBA-936EDBA7B05A}.AppStore|iPhoneSimulator.Build.0 = AppStore|iPhoneSimulator
		{90611ED6-4BDE-45D0-8EBA-936EDBA7B05A}.AppStore|iPhoneSimulator.Deploy.0 = AppStore|iPhoneSimulator
		{90611ED6-4BDE-45D0-8EBA-936EDBA7B05A}.AppStore|x64.ActiveCfg = AppStore|iPhone
		{90611ED6-4BDE-45D0-8EBA-936EDBA7B05A}.AppStore|x64.Build.0 = AppStore|iPhone
		{90611ED6-4BDE-45D0-8EBA-936EDBA7B05A}.AppStore|x64.Deploy.0 = AppStore|iPhone
		{90611ED6-4BDE-45D0-8EBA-936EDBA7B05A}.AppStore|x86.ActiveCfg = AppStore|iPhone
		{90611ED6-4BDE-45D0-8EBA-936EDBA7B05A}.AppStore|x86.Build.0 = AppStore|iPhone
		{90611ED6-4BDE-45D0-8EBA-936EDBA7B05A}.AppStore|x86.Deploy.0 = AppStore|iPhone
		{90611ED6-4BDE-45D0-8EBA-936EDBA7B05A}.Debug|Any CPU.ActiveCfg = Debug|iPhoneSimulator
		{90611ED6-4BDE-45D0-8EBA-936EDBA7B05A}.Debug|Any CPU.Build.0 = Debug|iPhoneSimulator
		{90611ED6-4BDE-45D0-8EBA-936EDBA7B05A}.Debug|Any CPU.Deploy.0 = Debug|iPhoneSimulator
		{90611ED6-4BDE-45D0-8EBA-936EDBA7B05A}.Debug|ARM.ActiveCfg = Debug|iPhone
		{90611ED6-4BDE-45D0-8EBA-936EDBA7B05A}.Debug|ARM.Build.0 = Debug|iPhone
		{90611ED6-4BDE-45D0-8EBA-936EDBA7B05A}.Debug|ARM.Deploy.0 = Debug|iPhone
		{90611ED6-4BDE-45D0-8EBA-936EDBA7B05A}.Debug|iPhone.ActiveCfg = Debug|iPhone
		{90611ED6-4BDE-45D0-8EBA-936EDBA7B05A}.Debug|iPhone.Build.0 = Debug|iPhone
		{90611ED6-4BDE-45D0-8EBA-936EDBA7B05A}.Debug|iPhone.Deploy.0 = Debug|iPhone
		{90611ED6-4BDE-45D0-8EBA-936EDBA7B05A}.Debug|iPhoneSimulator.ActiveCfg = Debug|iPhoneSimulator
		{90611ED6-4BDE-45D0-8EBA-936EDBA7B05A}.Debug|iPhoneSimulator.Build.0 = Debug|iPhoneSimulator
		{90611ED6-4BDE-45D0-8EBA-936EDBA7B05A}.Debug|iPhoneSimulator.Deploy.0 = Debug|iPhoneSimulator
		{90611ED6-4BDE-45D0-8EBA-936EDBA7B05A}.Debug|x64.ActiveCfg = Debug|iPhone
		{90611ED6-4BDE-45D0-8EBA-936EDBA7B05A}.Debug|x64.Build.0 = Debug|iPhone
		{90611ED6-4BDE-45D0-8EBA-936EDBA7B05A}.Debug|x64.Deploy.0 = Debug|iPhone
		{90611ED6-4BDE-45D0-8EBA-936EDBA7B05A}.Debug|x86.ActiveCfg = Debug|iPhone
		{90611ED6-4BDE-45D0-8EBA-936EDBA7B05A}.Debug|x86.Build.0 = Debug|iPhone
		{90611ED6-4BDE-45D0-8EBA-936EDBA7B05A}.Debug|x86.Deploy.0 = Debug|iPhone
		{90611ED6-4BDE-45D0-8EBA-936EDBA7B05A}.Release|Any CPU.ActiveCfg = Release|iPhone
		{90611ED6-4BDE-45D0-8EBA-936EDBA7B05A}.Release|Any CPU.Build.0 = Release|iPhone
		{90611ED6-4BDE-45D0-8EBA-936EDBA7B05A}.Release|Any CPU.Deploy.0 = Release|iPhone
		{90611ED6-4BDE-45D0-8EBA-936EDBA7B05A}.Release|ARM.ActiveCfg = Release|iPhone
		{90611ED6-4BDE-45D0-8EBA-936EDBA7B05A}.Release|ARM.Build.0 = Release|iPhone
		{90611ED6-4BDE-45D0-8EBA-936EDBA7B05A}.Release|ARM.Deploy.0 = Release|iPhone
		{90611ED6-4BDE-45D0-8EBA-936EDBA7B05A}.Release|iPhone.ActiveCfg = Release|iPhone
		{90611ED6-4BDE-45D0-8EBA-936EDBA7B05A}.Release|iPhone.Build.0 = Release|iPhone
		{90611ED6-4BDE-45D0-8EBA-936EDBA7B05A}.Release|iPhone.Deploy.0 = Release|iPhone
		{90611ED6-4BDE-45D0-8EBA-936EDBA7B05A}.Release|iPhoneSimulator.ActiveCfg = Release|iPhoneSimulator
		{90611ED6-4BDE-45D0-8EBA-936EDBA7B05A}.Release|iPhoneSimulator.Build.0 = Release|iPhoneSimulator
		{90611ED6-4BDE-45D0-8EBA-936EDBA7B05A}.Release|iPhoneSimulator.Deploy.0 = Release|iPhoneSimulator
		{90611ED6-4BDE-45D0-8EBA-936EDBA7B05A}.Release|x64.ActiveCfg = Release|iPhone
		{90611ED6-4BDE-45D0-8EBA-936EDBA7B05A}.Release|x64.Build.0 = Release|iPhone
		{90611ED6-4BDE-45D0-8EBA-936EDBA7B05A}.Release|x64.Deploy.0 = Release|iPhone
		{90611ED6-4BDE-45D0-8EBA-936EDBA7B05A}.Release|x86.ActiveCfg = Release|iPhone
		{90611ED6-4BDE-45D0-8EBA-936EDBA7B05A}.Release|x86.Build.0 = Release|iPhone
		{90611ED6-4BDE-45D0-8EBA-936EDBA7B05A}.Release|x86.Deploy.0 = Release|iPhone
		{012E32EC-12B8-4602-97CF-4A5C3ACB4FC1}.Ad-Hoc|Any CPU.ActiveCfg = Release|x86
		{012E32EC-12B8-4602-97CF-4A5C3ACB4FC1}.Ad-Hoc|Any CPU.Build.0 = Release|x86
		{012E32EC-12B8-4602-97CF-4A5C3ACB4FC1}.Ad-Hoc|Any CPU.Deploy.0 = Release|x86
		{012E32EC-12B8-4602-97CF-4A5C3ACB4FC1}.Ad-Hoc|ARM.ActiveCfg = Release|ARM
		{012E32EC-12B8-4602-97CF-4A5C3ACB4FC1}.Ad-Hoc|ARM.Build.0 = Release|ARM
		{012E32EC-12B8-4602-97CF-4A5C3ACB4FC1}.Ad-Hoc|ARM.Deploy.0 = Release|ARM
		{012E32EC-12B8-4602-97CF-4A5C3ACB4FC1}.Ad-Hoc|iPhone.ActiveCfg = Release|x86
		{012E32EC-12B8-4602-97CF-4A5C3ACB4FC1}.Ad-Hoc|iPhone.Build.0 = Release|x86
		{012E32EC-12B8-4602-97CF-4A5C3ACB4FC1}.Ad-Hoc|iPhone.Deploy.0 = Release|x86
		{012E32EC-12B8-4602-97CF-4A5C3ACB4FC1}.Ad-Hoc|iPhoneSimulator.ActiveCfg = Release|x86
		{012E32EC-12B8-4602-97CF-4A5C3ACB4FC1}.Ad-Hoc|iPhoneSimulator.Build.0 = Release|x86
		{012E32EC-12B8-4602-97CF-4A5C3ACB4FC1}.Ad-Hoc|iPhoneSimulator.Deploy.0 = Release|x86
		{012E32EC-12B8-4602-97CF-4A5C3ACB4FC1}.Ad-Hoc|x64.ActiveCfg = Release|x64
		{012E32EC-12B8-4602-97CF-4A5C3ACB4FC1}.Ad-Hoc|x64.Build.0 = Release|x64
		{012E32EC-12B8-4602-97CF-4A5C3ACB4FC1}.Ad-Hoc|x64.Deploy.0 = Release|x64
		{012E32EC-12B8-4602-97CF-4A5C3ACB4FC1}.Ad-Hoc|x86.ActiveCfg = Release|x86
		{012E32EC-12B8-4602-97CF-4A5C3ACB4FC1}.Ad-Hoc|x86.Build.0 = Release|x86
		{012E32EC-12B8-4602-97CF-4A5C3ACB4FC1}.Ad-Hoc|x86.Deploy.0 = Release|x86
		{012E32EC-12B8-4602-97CF-4A5C3ACB4FC1}.AppStore|Any CPU.ActiveCfg = Release|x86
		{012E32EC-12B8-4602-97CF-4A5C3ACB4FC1}.AppStore|Any CPU.Build.0 = Release|x86
		{012E32EC-12B8-4602-97CF-4A5C3ACB4FC1}.AppStore|Any CPU.Deploy.0 = Release|x86
		{012E32EC-12B8-4602-97CF-4A5C3ACB4FC1}.AppStore|ARM.ActiveCfg = Release|ARM
		{012E32EC-12B8-4602-97CF-4A5C3ACB4FC1}.AppStore|ARM.Build.0 = Release|ARM
		{012E32EC-12B8-4602-97CF-4A5C3ACB4FC1}.AppStore|ARM.Deploy.0 = Release|ARM
		{012E32EC-12B8-4602-97CF-4A5C3ACB4FC1}.AppStore|iPhone.ActiveCfg = Release|x86
		{012E32EC-12B8-4602-97CF-4A5C3ACB4FC1}.AppStore|iPhone.Build.0 = Release|x86
		{012E32EC-12B8-4602-97CF-4A5C3ACB4FC1}.AppStore|iPhone.Deploy.0 = Release|x86
		{012E32EC-12B8-4602-97CF-4A5C3ACB4FC1}.AppStore|iPhoneSimulator.ActiveCfg = Release|x86
		{012E32EC-12B8-4602-97CF-4A5C3ACB4FC1}.AppStore|iPhoneSimulator.Build.0 = Release|x86
		{012E32EC-12B8-4602-97CF-4A5C3ACB4FC1}.AppStore|iPhoneSimulator.Deploy.0 = Release|x86
		{012E32EC-12B8-4602-97CF-4A5C3ACB4FC1}.AppStore|x64.ActiveCfg = Release|x64
		{012E32EC-12B8-4602-97CF-4A5C3ACB4FC1}.AppStore|x64.Build.0 = Release|x64
		{012E32EC-12B8-4602-97CF-4A5C3ACB4FC1}.AppStore|x64.Deploy.0 = Release|x64
		{012E32EC-12B8-4602-97CF-4A5C3ACB4FC1}.AppStore|x86.ActiveCfg = Release|x86
		{012E32EC-12B8-4602-97CF-4A5C3ACB4FC1}.AppStore|x86.Build.0 = Release|x86
		{012E32EC-12B8-4602-97CF-4A5C3ACB4FC1}.AppStore|x86.Deploy.0 = Release|x86
		{012E32EC-12B8-4602-97CF-4A5C3ACB4FC1}.Debug|Any CPU.ActiveCfg = Debug|x86
		{012E32EC-12B8-4602-97CF-4A5C3ACB4FC1}.Debug|Any CPU.Build.0 = Debug|x86
		{012E32EC-12B8-4602-97CF-4A5C3ACB4FC1}.Debug|Any CPU.Deploy.0 = Debug|x86
		{012E32EC-12B8-4602-97CF-4A5C3ACB4FC1}.Debug|ARM.ActiveCfg = Debug|ARM
		{012E32EC-12B8-4602-97CF-4A5C3ACB4FC1}.Debug|ARM.Build.0 = Debug|ARM
		{012E32EC-12B8-4602-97CF-4A5C3ACB4FC1}.Debug|ARM.Deploy.0 = Debug|ARM
		{012E32EC-12B8-4602-97CF-4A5C3ACB4FC1}.Debug|iPhone.ActiveCfg = Debug|x86
		{012E32EC-12B8-4602-97CF-4A5C3ACB4FC1}.Debug|iPhone.Build.0 = Debug|x86
		{012E32EC-12B8-4602-97CF-4A5C3ACB4FC1}.Debug|iPhone.Deploy.0 = Debug|x86
		{012E32EC-12B8-4602-97CF-4A5C3ACB4FC1}.Debug|iPhoneSimulator.ActiveCfg = Debug|x86
		{012E32EC-12B8-4602-97CF-4A5C3ACB4FC1}.Debug|iPhoneSimulator.Build.0 = Debug|x86
		{012E32EC-12B8-4602-97CF-4A5C3ACB4FC1}.Debug|iPhoneSimulator.Deploy.0 = Debug|x86
		{012E32EC-12B8-4602-97CF-4A5C3ACB4FC1}.Debug|x64.ActiveCfg = Debug|x64
		{012E32EC-12B8-4602-97CF-4A5C3ACB4FC1}.Debug|x64.Build.0 = Debug|x64
		{012E32EC-12B8-4602-97CF-4A5C3ACB4FC1}.Debug|x64.Deploy.0 = Debug|x64
		{012E32EC-12B8-4602-97CF-4A5C3ACB4FC1}.Debug|x86.ActiveCfg = Debug|x86
		{012E32EC-12B8-4602-97CF-4A5C3ACB4FC1}.Debug|x86.Build.0 = Debug|x86
		{012E32EC-12B8-4602-97CF-4A5C3ACB4FC1}.Debug|x86.Deploy.0 = Debug|x86
		{012E32EC-12B8-4602-97CF-4A5C3ACB4FC1}.Release|Any CPU.ActiveCfg = Release|x86
		{012E32EC-12B8-4602-97CF-4A5C3ACB4FC1}.Release|Any CPU.Build.0 = Release|x86
		{012E32EC-12B8-4602-97CF-4A5C3ACB4FC1}.Release|Any CPU.Deploy.0 = Release|x86
		{012E32EC-12B8-4602-97CF-4A5C3ACB4FC1}.Release|ARM.ActiveCfg = Release|ARM
		{012E32EC-12B8-4602-97CF-4A5C3ACB4FC1}.Release|ARM.Build.0 = Release|ARM
		{012E32EC-12B8-4602-97CF-4A5C3ACB4FC1}.Release|ARM.Deploy.0 = Release|ARM
		{012E32EC-12B8-4602-97CF-4A5C3ACB4FC1}.Release|iPhone.ActiveCfg = Release|x86
		{012E32EC-12B8-4602-97CF-4A5C3ACB4FC1}.Release|iPhone.Build.0 = Release|x86
		{012E32EC-12B8-4602-97CF-4A5C3ACB4FC1}.Release|iPhone.Deploy.0 = Release|x86
		{012E32EC-12B8-4602-97CF-4A5C3ACB4FC1}.Release|iPhoneSimulator.ActiveCfg = Release|x86
		{012E32EC-12B8-4602-97CF-4A5C3ACB4FC1}.Release|iPhoneSimulator.Build.0 = Release|x86
		{012E32EC-12B8-4602-97CF-4A5C3ACB4FC1}.Release|iPhoneSimulator.Deploy.0 = Release|x86
		{012E32EC-12B8-4602-97CF-4A5C3ACB4FC1}.Release|x64.ActiveCfg = Release|x64
		{012E32EC-12B8-4602-97CF-4A5C3ACB4FC1}.Release|x64.Build.0 = Release|x64
		{012E32EC-12B8-4602-97CF-4A5C3ACB4FC1}.Release|x64.Deploy.0 = Release|x64
		{012E32EC-12B8-4602-97CF-4A5C3ACB4FC1}.Release|x86.ActiveCfg = Release|x86
		{012E32EC-12B8-4602-97CF-4A5C3ACB4FC1}.Release|x86.Build.0 = Release|x86
		{012E32EC-12B8-4602-97CF-4A5C3ACB4FC1}.Release|x86.Deploy.0 = Release|x86
		{8E1F7FFF-0D76-473B-A795-5010150D4D51}.Ad-Hoc|Any CPU.ActiveCfg = Debug|Any CPU
		{8E1F7FFF-0D76-473B-A795-5010150D4D51}.Ad-Hoc|Any CPU.Build.0 = Debug|Any CPU
		{8E1F7FFF-0D76-473B-A795-5010150D4D51}.Ad-Hoc|Any CPU.Deploy.0 = Debug|Any CPU
		{8E1F7FFF-0D76-473B-A795-5010150D4D51}.Ad-Hoc|ARM.ActiveCfg = Debug|Any CPU
		{8E1F7FFF-0D76-473B-A795-5010150D4D51}.Ad-Hoc|ARM.Build.0 = Debug|Any CPU
		{8E1F7FFF-0D76-473B-A795-5010150D4D51}.Ad-Hoc|ARM.Deploy.0 = Debug|Any CPU
		{8E1F7FFF-0D76-473B-A795-5010150D4D51}.Ad-Hoc|iPhone.ActiveCfg = Debug|Any CPU
		{8E1F7FFF-0D76-473B-A795-5010150D4D51}.Ad-Hoc|iPhone.Build.0 = Debug|Any CPU
		{8E1F7FFF-0D76-473B-A795-5010150D4D51}.Ad-Hoc|iPhone.Deploy.0 = Debug|Any CPU
		{8E1F7FFF-0D76-473B-A795-5010150D4D51}.Ad-Hoc|iPhoneSimulator.ActiveCfg = Debug|Any CPU
		{8E1F7FFF-0D76-473B-A795-5010150D4D51}.Ad-Hoc|iPhoneSimulator.Build.0 = Debug|Any CPU
		{8E1F7FFF-0D76-473B-A795-5010150D4D51}.Ad-Hoc|iPhoneSimulator.Deploy.0 = Debug|Any CPU
		{8E1F7FFF-0D76-473B-A795-5010150D4D51}.Ad-Hoc|x64.ActiveCfg = Debug|Any CPU
		{8E1F7FFF-0D76-473B-A795-5010150D4D51}.Ad-Hoc|x64.Build.0 = Debug|Any CPU
		{8E1F7FFF-0D76-473B-A795-5010150D4D51}.Ad-Hoc|x64.Deploy.0 = Debug|Any CPU
		{8E1F7FFF-0D76-473B-A795-5010150D4D51}.Ad-Hoc|x86.ActiveCfg = Debug|Any CPU
		{8E1F7FFF-0D76-473B-A795-5010150D4D51}.Ad-Hoc|x86.Build.0 = Debug|Any CPU
		{8E1F7FFF-0D76-473B-A795-5010150D4D51}.Ad-Hoc|x86.Deploy.0 = Debug|Any CPU
		{8E1F7FFF-0D76-473B-A795-5010150D4D51}.AppStore|Any CPU.ActiveCfg = Debug|Any CPU
		{8E1F7FFF-0D76-473B-A795-5010150D4D51}.AppStore|Any CPU.Build.0 = Debug|Any CPU
		{8E1F7FFF-0D76-473B-A795-5010150D4D51}.AppStore|Any CPU.Deploy.0 = Debug|Any CPU
		{8E1F7FFF-0D76-473B-A795-5010150D4D51}.AppStore|ARM.ActiveCfg = Debug|Any CPU
		{8E1F7FFF-0D76-473B-A795-5010150D4D51}.AppStore|ARM.Build.0 = Debug|Any CPU
		{8E1F7FFF-0D76-473B-A795-5010150D4D51}.AppStore|ARM.Deploy.0 = Debug|Any CPU
		{8E1F7FFF-0D76-473B-A795-5010150D4D51}.AppStore|iPhone.ActiveCfg = Debug|Any CPU
		{8E1F7FFF-0D76-473B-A795-5010150D4D51}.AppStore|iPhone.Build.0 = Debug|Any CPU
		{8E1F7FFF-0D76-473B-A795-5010150D4D51}.AppStore|iPhone.Deploy.0 = Debug|Any CPU
		{8E1F7FFF-0D76-473B-A795-5010150D4D51}.AppStore|iPhoneSimulator.ActiveCfg = Debug|Any CPU
		{8E1F7FFF-0D76-473B-A795-5010150D4D51}.AppStore|iPhoneSimulator.Build.0 = Debug|Any CPU
		{8E1F7FFF-0D76-473B-A795-5010150D4D51}.AppStore|iPhoneSimulator.Deploy.0 = Debug|Any CPU
		{8E1F7FFF-0D76-473B-A795-5010150D4D51}.AppStore|x64.ActiveCfg = Debug|Any CPU
		{8E1F7FFF-0D76-473B-A795-5010150D4D51}.AppStore|x64.Build.0 = Debug|Any CPU
		{8E1F7FFF-0D76-473B-A795-5010150D4D51}.AppStore|x64.Deploy.0 = Debug|Any CPU
		{8E1F7FFF-0D76-473B-A795-5010150D4D51}.AppStore|x86.ActiveCfg = Debug|Any CPU
		{8E1F7FFF-0D76-473B-A795-5010150D4D51}.AppStore|x86.Build.0 = Debug|Any CPU
		{8E1F7FFF-0D76-473B-A795-5010150D4D51}.AppStore|x86.Deploy.0 = Debug|Any CPU
		{8E1F7FFF-0D76-473B-A795-5010150D4D51}.Debug|Any CPU.ActiveCfg = Debug|Any CPU
		{8E1F7FFF-0D76-473B-A795-5010150D4D51}.Debug|Any CPU.Build.0 = Debug|Any CPU
		{8E1F7FFF-0D76-473B-A795-5010150D4D51}.Debug|Any CPU.Deploy.0 = Debug|Any CPU
		{8E1F7FFF-0D76-473B-A795-5010150D4D51}.Debug|ARM.ActiveCfg = Debug|Any CPU
		{8E1F7FFF-0D76-473B-A795-5010150D4D51}.Debug|ARM.Build.0 = Debug|Any CPU
		{8E1F7FFF-0D76-473B-A795-5010150D4D51}.Debug|ARM.Deploy.0 = Debug|Any CPU
		{8E1F7FFF-0D76-473B-A795-5010150D4D51}.Debug|iPhone.ActiveCfg = Debug|Any CPU
		{8E1F7FFF-0D76-473B-A795-5010150D4D51}.Debug|iPhone.Build.0 = Debug|Any CPU
		{8E1F7FFF-0D76-473B-A795-5010150D4D51}.Debug|iPhone.Deploy.0 = Debug|Any CPU
		{8E1F7FFF-0D76-473B-A795-5010150D4D51}.Debug|iPhoneSimulator.ActiveCfg = Debug|Any CPU
		{8E1F7FFF-0D76-473B-A795-5010150D4D51}.Debug|iPhoneSimulator.Build.0 = Debug|Any CPU
		{8E1F7FFF-0D76-473B-A795-5010150D4D51}.Debug|iPhoneSimulator.Deploy.0 = Debug|Any CPU
		{8E1F7FFF-0D76-473B-A795-5010150D4D51}.Debug|x64.ActiveCfg = Debug|Any CPU
		{8E1F7FFF-0D76-473B-A795-5010150D4D51}.Debug|x64.Build.0 = Debug|Any CPU
		{8E1F7FFF-0D76-473B-A795-5010150D4D51}.Debug|x64.Deploy.0 = Debug|Any CPU
		{8E1F7FFF-0D76-473B-A795-5010150D4D51}.Debug|x86.ActiveCfg = Debug|Any CPU
		{8E1F7FFF-0D76-473B-A795-5010150D4D51}.Debug|x86.Build.0 = Debug|Any CPU
		{8E1F7FFF-0D76-473B-A795-5010150D4D51}.Debug|x86.Deploy.0 = Debug|Any CPU
		{8E1F7FFF-0D76-473B-A795-5010150D4D51}.Release|Any CPU.ActiveCfg = Release|Any CPU
		{8E1F7FFF-0D76-473B-A795-5010150D4D51}.Release|Any CPU.Build.0 = Release|Any CPU
		{8E1F7FFF-0D76-473B-A795-5010150D4D51}.Release|Any CPU.Deploy.0 = Release|Any CPU
		{8E1F7FFF-0D76-473B-A795-5010150D4D51}.Release|ARM.ActiveCfg = Release|Any CPU
		{8E1F7FFF-0D76-473B-A795-5010150D4D51}.Release|ARM.Build.0 = Release|Any CPU
		{8E1F7FFF-0D76-473B-A795-5010150D4D51}.Release|ARM.Deploy.0 = Release|Any CPU
		{8E1F7FFF-0D76-473B-A795-5010150D4D51}.Release|iPhone.ActiveCfg = Release|Any CPU
		{8E1F7FFF-0D76-473B-A795-5010150D4D51}.Release|iPhone.Build.0 = Release|Any CPU
		{8E1F7FFF-0D76-473B-A795-5010150D4D51}.Release|iPhone.Deploy.0 = Release|Any CPU
		{8E1F7FFF-0D76-473B-A795-5010150D4D51}.Release|iPhoneSimulator.ActiveCfg = Release|Any CPU
		{8E1F7FFF-0D76-473B-A795-5010150D4D51}.Release|iPhoneSimulator.Build.0 = Release|Any CPU
		{8E1F7FFF-0D76-473B-A795-5010150D4D51}.Release|iPhoneSimulator.Deploy.0 = Release|Any CPU
		{8E1F7FFF-0D76-473B-A795-5010150D4D51}.Release|x64.ActiveCfg = Release|Any CPU
		{8E1F7FFF-0D76-473B-A795-5010150D4D51}.Release|x64.Build.0 = Release|Any CPU
		{8E1F7FFF-0D76-473B-A795-5010150D4D51}.Release|x64.Deploy.0 = Release|Any CPU
		{8E1F7FFF-0D76-473B-A795-5010150D4D51}.Release|x86.ActiveCfg = Release|Any CPU
		{8E1F7FFF-0D76-473B-A795-5010150D4D51}.Release|x86.Build.0 = Release|Any CPU
		{8E1F7FFF-0D76-473B-A795-5010150D4D51}.Release|x86.Deploy.0 = Release|Any CPU
	EndGlobalSection
	GlobalSection(SolutionProperties) = preSolution
		HideSolutionNode = FALSE
	EndGlobalSection
	GlobalSection(ExtensibilityGlobals) = postSolution
		SolutionGuid = {4412BD37-87EC-4DF2-960A-8E2AA5392D78}
	EndGlobalSection
EndGlobal
